
Microsoft Visual Studio Solution File, Format Version 12.00
# Visual Studio Version 16
VisualStudioVersion = 16.0.29806.167
MinimumVisualStudioVersion = 10.0.40219.1
Project("{FAE04EC0-301F-11D3-BF4B-00C04F79EFBC}") = "Task_1", "Task_1\Task_1.csproj", "{7E77B0F9-42A3-4B38-A994-4D07DDB2F1C6}"
EndProject
Project("{FAE04EC0-301F-11D3-BF4B-00C04F79EFBC}") = "Task_2", "Task_2\Task_2.csproj", "{0C9931A1-CF96-4A0F-8FDC-4E96129F8C04}"
EndProject
Project("{FAE04EC0-301F-11D3-BF4B-00C04F79EFBC}") = "Task_3", "Task_3\Task_3.csproj", "{531EC94C-044A-4C62-A045-098C09F24C8D}"
EndProject
Project("{FAE04EC0-301F-11D3-BF4B-00C04F79EFBC}") = "Task_4", "Task_4\Task_4.csproj", "{A0864B82-499F-49F9-8B4A-88BA2F42E6CC}"
EndProject
Project("{FAE04EC0-301F-11D3-BF4B-00C04F79EFBC}") = "Task_5", "Task_5\Task_5.csproj", "{FA4CA099-59F1-40D4-AA2D-13B5A0E69951}"
EndProject
Project("{FAE04EC0-301F-11D3-BF4B-00C04F79EFBC}") = "Task_6", "Task_6\Task_6.csproj", "{F8003E84-DFD8-4DFB-932C-F91532CE97D2}"
EndProject
Global
	GlobalSection(SolutionConfigurationPlatforms) = preSolution
		Debug|Any CPU = Debug|Any CPU
		Release|Any CPU = Release|Any CPU
	EndGlobalSection
	GlobalSection(ProjectConfigurationPlatforms) = postSolution
		{7E77B0F9-42A3-4B38-A994-4D07DDB2F1C6}.Debug|Any CPU.ActiveCfg = Debug|Any CPU
		{7E77B0F9-42A3-4B38-A994-4D07DDB2F1C6}.Debug|Any CPU.Build.0 = Debug|Any CPU
		{7E77B0F9-42A3-4B38-A994-4D07DDB2F1C6}.Release|Any CPU.ActiveCfg = Release|Any CPU
		{7E77B0F9-42A3-4B38-A994-4D07DDB2F1C6}.Release|Any CPU.Build.0 = Release|Any CPU
		{0C9931A1-CF96-4A0F-8FDC-4E96129F8C04}.Debug|Any CPU.ActiveCfg = Debug|Any CPU
		{0C9931A1-CF96-4A0F-8FDC-4E96129F8C04}.Debug|Any CPU.Build.0 = Debug|Any CPU
		{0C9931A1-CF96-4A0F-8FDC-4E96129F8C04}.Release|Any CPU.ActiveCfg = Release|Any CPU
		{0C9931A1-CF96-4A0F-8FDC-4E96129F8C04}.Release|Any CPU.Build.0 = Release|Any CPU
		{531EC94C-044A-4C62-A045-098C09F24C8D}.Debug|Any CPU.ActiveCfg = Debug|Any CPU
		{531EC94C-044A-4C62-A045-098C09F24C8D}.Debug|Any CPU.Build.0 = Debug|Any CPU
		{531EC94C-044A-4C62-A045-098C09F24C8D}.Release|Any CPU.ActiveCfg = Release|Any CPU
		{531EC94C-044A-4C62-A045-098C09F24C8D}.Release|Any CPU.Build.0 = Release|Any CPU
		{A0864B82-499F-49F9-8B4A-88BA2F42E6CC}.Debug|Any CPU.ActiveCfg = Debug|Any CPU
		{A0864B82-499F-49F9-8B4A-88BA2F42E6CC}.Debug|Any CPU.Build.0 = Debug|Any CPU
		{A0864B82-499F-49F9-8B4A-88BA2F42E6CC}.Release|Any CPU.ActiveCfg = Release|Any CPU
		{A0864B82-499F-49F9-8B4A-88BA2F42E6CC}.Release|Any CPU.Build.0 = Release|Any CPU
		{FA4CA099-59F1-40D4-AA2D-13B5A0E69951}.Debug|Any CPU.ActiveCfg = Debug|Any CPU
		{FA4CA099-59F1-40D4-AA2D-13B5A0E69951}.Debug|Any CPU.Build.0 = Debug|Any CPU
		{FA4CA099-59F1-40D4-AA2D-13B5A0E69951}.Release|Any CPU.ActiveCfg = Release|Any CPU
		{FA4CA099-59F1-40D4-AA2D-13B5A0E69951}.Release|Any CPU.Build.0 = Release|Any CPU
		{F8003E84-DFD8-4DFB-932C-F91532CE97D2}.Debug|Any CPU.ActiveCfg = Debug|Any CPU
		{F8003E84-DFD8-4DFB-932C-F91532CE97D2}.Debug|Any CPU.Build.0 = Debug|Any CPU
		{F8003E84-DFD8-4DFB-932C-F91532CE97D2}.Release|Any CPU.ActiveCfg = Release|Any CPU
		{F8003E84-DFD8-4DFB-932C-F91532CE97D2}.Release|Any CPU.Build.0 = Release|Any CPU
	EndGlobalSection
	GlobalSection(SolutionProperties) = preSolution
		HideSolutionNode = FALSE
	EndGlobalSection
	GlobalSection(ExtensibilityGlobals) = postSolution
		SolutionGuid = {E4CC0386-6363-4CD0-BB34-049DCDEE0F23}
	EndGlobalSection
EndGlobal
