
Microsoft Visual Studio Solution File, Format Version 12.00
# Visual Studio Version 16
VisualStudioVersion = 16.0.29806.167
MinimumVisualStudioVersion = 10.0.40219.1
Project("{FAE04EC0-301F-11D3-BF4B-00C04F79EFBC}") = "Task_1", "Task_1\Task_1.csproj", "{FEF817A3-1353-4F2B-B9B3-8F008FF2433F}"
EndProject
Project("{FAE04EC0-301F-11D3-BF4B-00C04F79EFBC}") = "Task_2", "Task_2\Task_2.csproj", "{6E2F6B85-8846-488E-9661-59D6CACC5379}"
EndProject
Global
	GlobalSection(SolutionConfigurationPlatforms) = preSolution
		Debug|Any CPU = Debug|Any CPU
		Release|Any CPU = Release|Any CPU
	EndGlobalSection
	GlobalSection(ProjectConfigurationPlatforms) = postSolution
		{FEF817A3-1353-4F2B-B9B3-8F008FF2433F}.Debug|Any CPU.ActiveCfg = Debug|Any CPU
		{FEF817A3-1353-4F2B-B9B3-8F008FF2433F}.Debug|Any CPU.Build.0 = Debug|Any CPU
		{FEF817A3-1353-4F2B-B9B3-8F008FF2433F}.Release|Any CPU.ActiveCfg = Release|Any CPU
		{FEF817A3-1353-4F2B-B9B3-8F008FF2433F}.Release|Any CPU.Build.0 = Release|Any CPU
		{6E2F6B85-8846-488E-9661-59D6CACC5379}.Debug|Any CPU.ActiveCfg = Debug|Any CPU
		{6E2F6B85-8846-488E-9661-59D6CACC5379}.Debug|Any CPU.Build.0 = Debug|Any CPU
		{6E2F6B85-8846-488E-9661-59D6CACC5379}.Release|Any CPU.ActiveCfg = Release|Any CPU
		{6E2F6B85-8846-488E-9661-59D6CACC5379}.Release|Any CPU.Build.0 = Release|Any CPU
	EndGlobalSection
	GlobalSection(SolutionProperties) = preSolution
		HideSolutionNode = FALSE
	EndGlobalSection
	GlobalSection(ExtensibilityGlobals) = postSolution
		SolutionGuid = {A5E1BC85-582D-4325-B94C-43C5B516FA6B}
	EndGlobalSection
EndGlobal
